
Microsoft Visual Studio Solution File, Format Version 12.00
# Visual Studio Version 17
VisualStudioVersion = 17.5.002.0
MinimumVisualStudioVersion = 10.0.40219.1
Project("{2150E333-8FDC-42A3-9474-1A3956D46DE8}") = "csharp-prep", "csharp-prep", "{D809323E-2AD3-4F57-A69E-61C855731CA2}"
EndProject
Project("{9A19103F-16F7-4668-BE54-9A1E7A4F7556}") = "Prep1", "csharp-prep\Prep1\Prep1.csproj", "{49602A92-759A-4B4B-8E0E-576F7FC3EAED}"
EndProject
Project("{9A19103F-16F7-4668-BE54-9A1E7A4F7556}") = "Prep2", "csharp-prep\Prep2\Prep2.csproj", "{1B593991-06CF-4503-B3A7-BD21819B7163}"
EndProject
Project("{9A19103F-16F7-4668-BE54-9A1E7A4F7556}") = "Prep3", "csharp-prep\Prep3\Prep3.csproj", "{0F157E18-B86C-412E-9739-516B9F2FC1F9}"
EndProject
Project("{9A19103F-16F7-4668-BE54-9A1E7A4F7556}") = "Prep4", "csharp-prep\Prep4\Prep4.csproj", "{858010C1-82E9-4373-A93D-C900B9BB8BE0}"
EndProject
Project("{9A19103F-16F7-4668-BE54-9A1E7A4F7556}") = "Prep5", "csharp-prep\Prep5\Prep5.csproj", "{8F05046D-9F3E-46C3-B8C1-01D62169D6A6}"
EndProject
Project("{2150E333-8FDC-42A3-9474-1A3956D46DE8}") = "final", "final", "{187B2993-2A4E-4E71-B78A-509B2B6852EF}"
EndProject
Project("{9A19103F-16F7-4668-BE54-9A1E7A4F7556}") = "FinalProject", "final\FinalProject\FinalProject.csproj", "{BD07B730-1286-4D78-B607-F3F69850D2FE}"
EndProject
Project("{9A19103F-16F7-4668-BE54-9A1E7A4F7556}") = "Foundation1", "final\Foundation1\Foundation1.csproj", "{06A91188-C69E-4D41-92FB-E809ECBEECA7}"
EndProject
Project("{9A19103F-16F7-4668-BE54-9A1E7A4F7556}") = "Foundation2", "final\Foundation2\Foundation2.csproj", "{B0FB5F56-C738-4302-940A-7DAFF8532909}"
EndProject
Project("{9A19103F-16F7-4668-BE54-9A1E7A4F7556}") = "Foundation3", "final\Foundation3\Foundation3.csproj", "{287ED261-F0A7-49FB-A550-608B4F3266AE}"
EndProject
Project("{9A19103F-16F7-4668-BE54-9A1E7A4F7556}") = "Foundation4", "final\Foundation4\Foundation4.csproj", "{3D6ED3EF-D226-4706-845B-8824D1757C4C}"
EndProject
Project("{2150E333-8FDC-42A3-9474-1A3956D46DE8}") = "prepare", "prepare", "{0C9A112A-AB05-4093-BA24-DA45026DA121}"
EndProject
Project("{9A19103F-16F7-4668-BE54-9A1E7A4F7556}") = "Learning02", "prepare\Learning02\Learning02.csproj", "{0307C833-E081-45CD-B6E1-751B433E743F}"
EndProject
Project("{9A19103F-16F7-4668-BE54-9A1E7A4F7556}") = "Learning03", "prepare\Learning03\Learning03.csproj", "{7391F661-7EB1-4481-8584-54A472E55CA4}"
EndProject
Project("{9A19103F-16F7-4668-BE54-9A1E7A4F7556}") = "Learning04", "prepare\Learning04\Learning04.csproj", "{C91FFB47-8F60-4DD3-8F46-4B39CABE48B2}"
EndProject
Project("{9A19103F-16F7-4668-BE54-9A1E7A4F7556}") = "Learning05", "prepare\Learning05\Learning05.csproj", "{F906D1A0-FC00-47C1-B0C3-F5D2FA154C03}"
EndProject
Project("{2150E333-8FDC-42A3-9474-1A3956D46DE8}") = "prove", "prove", "{001E7F32-A1EB-48A0-8DEC-4D096D082D28}"
EndProject
Project("{9A19103F-16F7-4668-BE54-9A1E7A4F7556}") = "Develop02", "prove\Develop02\Develop02.csproj", "{09D63F97-1BC9-424B-A003-9E4121C1C977}"
EndProject
Project("{9A19103F-16F7-4668-BE54-9A1E7A4F7556}") = "Develop03", "prove\Develop03\Develop03.csproj", "{3AE9E327-158D-4AA8-B7A0-104DF376149D}"
EndProject
Project("{9A19103F-16F7-4668-BE54-9A1E7A4F7556}") = "Develop04", "prove\Develop04\Develop04.csproj", "{4351AB4B-0909-409B-88ED-C523129679F2}"
EndProject
Project("{9A19103F-16F7-4668-BE54-9A1E7A4F7556}") = "Develop05", "prove\Develop05\Develop05.csproj", "{6D96EEF8-4B69-465C-8EC1-F8213DBED220}"
EndProject
Project("{2150E333-8FDC-42A3-9474-1A3956D46DE8}") = "sandbox", "sandbox", "{5556730C-A935-4F69-8CB1-7714F9B9BF87}"
EndProject
Project("{9A19103F-16F7-4668-BE54-9A1E7A4F7556}") = "Sandbox", "sandbox\Sandbox\Sandbox.csproj", "{8A6E3E25-2156-4792-9678-528F533AB969}"
EndProject
Global
	GlobalSection(SolutionConfigurationPlatforms) = preSolution
		Debug|Any CPU = Debug|Any CPU
		Release|Any CPU = Release|Any CPU
	EndGlobalSection
	GlobalSection(ProjectConfigurationPlatforms) = postSolution
		{49602A92-759A-4B4B-8E0E-576F7FC3EAED}.Debug|Any CPU.ActiveCfg = Debug|Any CPU
		{49602A92-759A-4B4B-8E0E-576F7FC3EAED}.Debug|Any CPU.Build.0 = Debug|Any CPU
		{49602A92-759A-4B4B-8E0E-576F7FC3EAED}.Release|Any CPU.ActiveCfg = Release|Any CPU
		{49602A92-759A-4B4B-8E0E-576F7FC3EAED}.Release|Any CPU.Build.0 = Release|Any CPU
		{1B593991-06CF-4503-B3A7-BD21819B7163}.Debug|Any CPU.ActiveCfg = Debug|Any CPU
		{1B593991-06CF-4503-B3A7-BD21819B7163}.Debug|Any CPU.Build.0 = Debug|Any CPU
		{1B593991-06CF-4503-B3A7-BD21819B7163}.Release|Any CPU.ActiveCfg = Release|Any CPU
		{1B593991-06CF-4503-B3A7-BD21819B7163}.Release|Any CPU.Build.0 = Release|Any CPU
		{0F157E18-B86C-412E-9739-516B9F2FC1F9}.Debug|Any CPU.ActiveCfg = Debug|Any CPU
		{0F157E18-B86C-412E-9739-516B9F2FC1F9}.Debug|Any CPU.Build.0 = Debug|Any CPU
		{0F157E18-B86C-412E-9739-516B9F2FC1F9}.Release|Any CPU.ActiveCfg = Release|Any CPU
		{0F157E18-B86C-412E-9739-516B9F2FC1F9}.Release|Any CPU.Build.0 = Release|Any CPU
		{858010C1-82E9-4373-A93D-C900B9BB8BE0}.Debug|Any CPU.ActiveCfg = Debug|Any CPU
		{858010C1-82E9-4373-A93D-C900B9BB8BE0}.Debug|Any CPU.Build.0 = Debug|Any CPU
		{858010C1-82E9-4373-A93D-C900B9BB8BE0}.Release|Any CPU.ActiveCfg = Release|Any CPU
		{858010C1-82E9-4373-A93D-C900B9BB8BE0}.Release|Any CPU.Build.0 = Release|Any CPU
		{8F05046D-9F3E-46C3-B8C1-01D62169D6A6}.Debug|Any CPU.ActiveCfg = Debug|Any CPU
		{8F05046D-9F3E-46C3-B8C1-01D62169D6A6}.Debug|Any CPU.Build.0 = Debug|Any CPU
		{8F05046D-9F3E-46C3-B8C1-01D62169D6A6}.Release|Any CPU.ActiveCfg = Release|Any CPU
		{8F05046D-9F3E-46C3-B8C1-01D62169D6A6}.Release|Any CPU.Build.0 = Release|Any CPU
		{BD07B730-1286-4D78-B607-F3F69850D2FE}.Debug|Any CPU.ActiveCfg = Debug|Any CPU
		{BD07B730-1286-4D78-B607-F3F69850D2FE}.Debug|Any CPU.Build.0 = Debug|Any CPU
		{BD07B730-1286-4D78-B607-F3F69850D2FE}.Release|Any CPU.ActiveCfg = Release|Any CPU
		{BD07B730-1286-4D78-B607-F3F69850D2FE}.Release|Any CPU.Build.0 = Release|Any CPU
		{06A91188-C69E-4D41-92FB-E809ECBEECA7}.Debug|Any CPU.ActiveCfg = Debug|Any CPU
		{06A91188-C69E-4D41-92FB-E809ECBEECA7}.Debug|Any CPU.Build.0 = Debug|Any CPU
		{06A91188-C69E-4D41-92FB-E809ECBEECA7}.Release|Any CPU.ActiveCfg = Release|Any CPU
		{06A91188-C69E-4D41-92FB-E809ECBEECA7}.Release|Any CPU.Build.0 = Release|Any CPU
		{B0FB5F56-C738-4302-940A-7DAFF8532909}.Debug|Any CPU.ActiveCfg = Debug|Any CPU
		{B0FB5F56-C738-4302-940A-7DAFF8532909}.Debug|Any CPU.Build.0 = Debug|Any CPU
		{B0FB5F56-C738-4302-940A-7DAFF8532909}.Release|Any CPU.ActiveCfg = Release|Any CPU
		{B0FB5F56-C738-4302-940A-7DAFF8532909}.Release|Any CPU.Build.0 = Release|Any CPU
		{287ED261-F0A7-49FB-A550-608B4F3266AE}.Debug|Any CPU.ActiveCfg = Debug|Any CPU
		{287ED261-F0A7-49FB-A550-608B4F3266AE}.Debug|Any CPU.Build.0 = Debug|Any CPU
		{287ED261-F0A7-49FB-A550-608B4F3266AE}.Release|Any CPU.ActiveCfg = Release|Any CPU
		{287ED261-F0A7-49FB-A550-608B4F3266AE}.Release|Any CPU.Build.0 = Release|Any CPU
		{3D6ED3EF-D226-4706-845B-8824D1757C4C}.Debug|Any CPU.ActiveCfg = Debug|Any CPU
		{3D6ED3EF-D226-4706-845B-8824D1757C4C}.Debug|Any CPU.Build.0 = Debug|Any CPU
		{3D6ED3EF-D226-4706-845B-8824D1757C4C}.Release|Any CPU.ActiveCfg = Release|Any CPU
		{3D6ED3EF-D226-4706-845B-8824D1757C4C}.Release|Any CPU.Build.0 = Release|Any CPU
		{0307C833-E081-45CD-B6E1-751B433E743F}.Debug|Any CPU.ActiveCfg = Debug|Any CPU
		{0307C833-E081-45CD-B6E1-751B433E743F}.Debug|Any CPU.Build.0 = Debug|Any CPU
		{0307C833-E081-45CD-B6E1-751B433E743F}.Release|Any CPU.ActiveCfg = Release|Any CPU
		{0307C833-E081-45CD-B6E1-751B433E743F}.Release|Any CPU.Build.0 = Release|Any CPU
		{7391F661-7EB1-4481-8584-54A472E55CA4}.Debug|Any CPU.ActiveCfg = Debug|Any CPU
		{7391F661-7EB1-4481-8584-54A472E55CA4}.Debug|Any CPU.Build.0 = Debug|Any CPU
		{7391F661-7EB1-4481-8584-54A472E55CA4}.Release|Any CPU.ActiveCfg = Release|Any CPU
		{7391F661-7EB1-4481-8584-54A472E55CA4}.Release|Any CPU.Build.0 = Release|Any CPU
		{C91FFB47-8F60-4DD3-8F46-4B39CABE48B2}.Debug|Any CPU.ActiveCfg = Debug|Any CPU
		{C91FFB47-8F60-4DD3-8F46-4B39CABE48B2}.Debug|Any CPU.Build.0 = Debug|Any CPU
		{C91FFB47-8F60-4DD3-8F46-4B39CABE48B2}.Release|Any CPU.ActiveCfg = Release|Any CPU
		{C91FFB47-8F60-4DD3-8F46-4B39CABE48B2}.Release|Any CPU.Build.0 = Release|Any CPU
		{F906D1A0-FC00-47C1-B0C3-F5D2FA154C03}.Debug|Any CPU.ActiveCfg = Debug|Any CPU
		{F906D1A0-FC00-47C1-B0C3-F5D2FA154C03}.Debug|Any CPU.Build.0 = Debug|Any CPU
		{F906D1A0-FC00-47C1-B0C3-F5D2FA154C03}.Release|Any CPU.ActiveCfg = Release|Any CPU
		{F906D1A0-FC00-47C1-B0C3-F5D2FA154C03}.Release|Any CPU.Build.0 = Release|Any CPU
		{09D63F97-1BC9-424B-A003-9E4121C1C977}.Debug|Any CPU.ActiveCfg = Debug|Any CPU
		{09D63F97-1BC9-424B-A003-9E4121C1C977}.Debug|Any CPU.Build.0 = Debug|Any CPU
		{09D63F97-1BC9-424B-A003-9E4121C1C977}.Release|Any CPU.ActiveCfg = Release|Any CPU
		{09D63F97-1BC9-424B-A003-9E4121C1C977}.Release|Any CPU.Build.0 = Release|Any CPU
		{3AE9E327-158D-4AA8-B7A0-104DF376149D}.Debug|Any CPU.ActiveCfg = Debug|Any CPU
		{3AE9E327-158D-4AA8-B7A0-104DF376149D}.Debug|Any CPU.Build.0 = Debug|Any CPU
		{3AE9E327-158D-4AA8-B7A0-104DF376149D}.Release|Any CPU.ActiveCfg = Release|Any CPU
		{3AE9E327-158D-4AA8-B7A0-104DF376149D}.Release|Any CPU.Build.0 = Release|Any CPU
		{4351AB4B-0909-409B-88ED-C523129679F2}.Debug|Any CPU.ActiveCfg = Debug|Any CPU
		{4351AB4B-0909-409B-88ED-C523129679F2}.Debug|Any CPU.Build.0 = Debug|Any CPU
		{4351AB4B-0909-409B-88ED-C523129679F2}.Release|Any CPU.ActiveCfg = Release|Any CPU
		{4351AB4B-0909-409B-88ED-C523129679F2}.Release|Any CPU.Build.0 = Release|Any CPU
		{6D96EEF8-4B69-465C-8EC1-F8213DBED220}.Debug|Any CPU.ActiveCfg = Debug|Any CPU
		{6D96EEF8-4B69-465C-8EC1-F8213DBED220}.Debug|Any CPU.Build.0 = Debug|Any CPU
		{6D96EEF8-4B69-465C-8EC1-F8213DBED220}.Release|Any CPU.ActiveCfg = Release|Any CPU
		{6D96EEF8-4B69-465C-8EC1-F8213DBED220}.Release|Any CPU.Build.0 = Release|Any CPU
		{8A6E3E25-2156-4792-9678-528F533AB969}.Debug|Any CPU.ActiveCfg = Debug|Any CPU
		{8A6E3E25-2156-4792-9678-528F533AB969}.Debug|Any CPU.Build.0 = Debug|Any CPU
		{8A6E3E25-2156-4792-9678-528F533AB969}.Release|Any CPU.ActiveCfg = Release|Any CPU
		{8A6E3E25-2156-4792-9678-528F533AB969}.Release|Any CPU.Build.0 = Release|Any CPU
	EndGlobalSection
	GlobalSection(SolutionProperties) = preSolution
		HideSolutionNode = FALSE
	EndGlobalSection
	GlobalSection(NestedProjects) = preSolution
		{49602A92-759A-4B4B-8E0E-576F7FC3EAED} = {D809323E-2AD3-4F57-A69E-61C855731CA2}
		{1B593991-06CF-4503-B3A7-BD21819B7163} = {D809323E-2AD3-4F57-A69E-61C855731CA2}
		{0F157E18-B86C-412E-9739-516B9F2FC1F9} = {D809323E-2AD3-4F57-A69E-61C855731CA2}
		{858010C1-82E9-4373-A93D-C900B9BB8BE0} = {D809323E-2AD3-4F57-A69E-61C855731CA2}
		{8F05046D-9F3E-46C3-B8C1-01D62169D6A6} = {D809323E-2AD3-4F57-A69E-61C855731CA2}
		{BD07B730-1286-4D78-B607-F3F69850D2FE} = {187B2993-2A4E-4E71-B78A-509B2B6852EF}
		{06A91188-C69E-4D41-92FB-E809ECBEECA7} = {187B2993-2A4E-4E71-B78A-509B2B6852EF}
		{B0FB5F56-C738-4302-940A-7DAFF8532909} = {187B2993-2A4E-4E71-B78A-509B2B6852EF}
		{287ED261-F0A7-49FB-A550-608B4F3266AE} = {187B2993-2A4E-4E71-B78A-509B2B6852EF}
		{3D6ED3EF-D226-4706-845B-8824D1757C4C} = {187B2993-2A4E-4E71-B78A-509B2B6852EF}
		{0307C833-E081-45CD-B6E1-751B433E743F} = {0C9A112A-AB05-4093-BA24-DA45026DA121}
		{7391F661-7EB1-4481-8584-54A472E55CA4} = {0C9A112A-AB05-4093-BA24-DA45026DA121}
		{C91FFB47-8F60-4DD3-8F46-4B39CABE48B2} = {0C9A112A-AB05-4093-BA24-DA45026DA121}
		{F906D1A0-FC00-47C1-B0C3-F5D2FA154C03} = {0C9A112A-AB05-4093-BA24-DA45026DA121}
		{09D63F97-1BC9-424B-A003-9E4121C1C977} = {001E7F32-A1EB-48A0-8DEC-4D096D082D28}
		{3AE9E327-158D-4AA8-B7A0-104DF376149D} = {001E7F32-A1EB-48A0-8DEC-4D096D082D28}
		{4351AB4B-0909-409B-88ED-C523129679F2} = {001E7F32-A1EB-48A0-8DEC-4D096D082D28}
		{6D96EEF8-4B69-465C-8EC1-F8213DBED220} = {001E7F32-A1EB-48A0-8DEC-4D096D082D28}
		{8A6E3E25-2156-4792-9678-528F533AB969} = {5556730C-A935-4F69-8CB1-7714F9B9BF87}
	EndGlobalSection
	GlobalSection(ExtensibilityGlobals) = postSolution
		SolutionGuid = {5D3D62EC-3922-41AF-9CF9-A09B8D28F1F8}
	EndGlobalSection
EndGlobal
